
Microsoft Visual Studio Solution File, Format Version 12.00
# Visual Studio Version 16
VisualStudioVersion = 16.0.32901.82
MinimumVisualStudioVersion = 10.0.40219.1
Project("{FAE04EC0-301F-11D3-BF4B-00C04F79EFBC}") = "BIFramework-allinone", "Tool\BIFramework-allinone.csproj", "{8ACDB24D-C38C-45FE-AE04-581726C8449E}"
EndProject
Project("{00D1A9C2-B5F0-4AF3-8072-F6C62B433612}") = "ETLFramework", "ETLFramework\ETLFramework\ETLFramework.sqlproj", "{A1B0D529-2E4A-47FC-846B-9228C7ED6EDE}"
EndProject
Global
	GlobalSection(SolutionConfigurationPlatforms) = preSolution
		Debug|Any CPU = Debug|Any CPU
		Release|Any CPU = Release|Any CPU
	EndGlobalSection
	GlobalSection(ProjectConfigurationPlatforms) = postSolution
		{8ACDB24D-C38C-45FE-AE04-581726C8449E}.Debug|Any CPU.ActiveCfg = Debug|Any CPU
		{8ACDB24D-C38C-45FE-AE04-581726C8449E}.Debug|Any CPU.Build.0 = Debug|Any CPU
		{8ACDB24D-C38C-45FE-AE04-581726C8449E}.Release|Any CPU.ActiveCfg = Release|Any CPU
		{8ACDB24D-C38C-45FE-AE04-581726C8449E}.Release|Any CPU.Build.0 = Release|Any CPU
		{A1B0D529-2E4A-47FC-846B-9228C7ED6EDE}.Debug|Any CPU.ActiveCfg = Debug|Any CPU
		{A1B0D529-2E4A-47FC-846B-9228C7ED6EDE}.Debug|Any CPU.Build.0 = Debug|Any CPU
		{A1B0D529-2E4A-47FC-846B-9228C7ED6EDE}.Debug|Any CPU.Deploy.0 = Debug|Any CPU
		{A1B0D529-2E4A-47FC-846B-9228C7ED6EDE}.Release|Any CPU.ActiveCfg = Release|Any CPU
		{A1B0D529-2E4A-47FC-846B-9228C7ED6EDE}.Release|Any CPU.Build.0 = Release|Any CPU
		{A1B0D529-2E4A-47FC-846B-9228C7ED6EDE}.Release|Any CPU.Deploy.0 = Release|Any CPU
	EndGlobalSection
	GlobalSection(SolutionProperties) = preSolution
		HideSolutionNode = FALSE
	EndGlobalSection
	GlobalSection(ExtensibilityGlobals) = postSolution
		SolutionGuid = {ACD2AD50-D599-4388-9B70-984DAA8D2024}
	EndGlobalSection
EndGlobal
